// !$*UTF8*$!
{
	archiveVersion = 1;
	classes = {
	};
	objectVersion = 46;
	objects = {

/* Begin PBXBuildFile section */
		18922A801ADFF7F900763F1D /* AppDelegate.swift in Sources */ = {isa = PBXBuildFile; fileRef = 18922A7F1ADFF7F900763F1D /* AppDelegate.swift */; };
		18922A821ADFF7F900763F1D /* PsychologistViewController.swift in Sources */ = {isa = PBXBuildFile; fileRef = 18922A811ADFF7F900763F1D /* PsychologistViewController.swift */; };
		18922A851ADFF7F900763F1D /* Main.storyboard in Resources */ = {isa = PBXBuildFile; fileRef = 18922A831ADFF7F900763F1D /* Main.storyboard */; };
		18922A871ADFF7F900763F1D /* Images.xcassets in Resources */ = {isa = PBXBuildFile; fileRef = 18922A861ADFF7F900763F1D /* Images.xcassets */; };
		18922A8A1ADFF7F900763F1D /* LaunchScreen.xib in Resources */ = {isa = PBXBuildFile; fileRef = 18922A881ADFF7F900763F1D /* LaunchScreen.xib */; };
		18922A961ADFF7F900763F1D /* PsychologistTests.swift in Sources */ = {isa = PBXBuildFile; fileRef = 18922A951ADFF7F900763F1D /* PsychologistTests.swift */; };
		18922AA11ADFFAA200763F1D /* FaceView.swift in Sources */ = {isa = PBXBuildFile; fileRef = 18922A9F1ADFFAA200763F1D /* FaceView.swift */; };
		18922AA21ADFFAA200763F1D /* HappinessViewController.swift in Sources */ = {isa = PBXBuildFile; fileRef = 18922AA01ADFFAA200763F1D /* HappinessViewController.swift */; };
		18922AA41AE0107E00763F1D /* TextUIViewController.swift in Sources */ = {isa = PBXBuildFile; fileRef = 18922AA31AE0107E00763F1D /* TextUIViewController.swift */; };
		18922AA61AE0126E00763F1D /* DiagnosedHappinessViewController.swift in Sources */ = {isa = PBXBuildFile; fileRef = 18922AA51AE0126E00763F1D /* DiagnosedHappinessViewController.swift */; };
/* End PBXBuildFile section */

/* Begin PBXContainerItemProxy section */
		18922A901ADFF7F900763F1D /* PBXContainerItemProxy */ = {
			isa = PBXContainerItemProxy;
			containerPortal = 18922A721ADFF7F900763F1D /* Project object */;
			proxyType = 1;
			remoteGlobalIDString = 18922A791ADFF7F900763F1D;
			remoteInfo = Psychologist;
		};
/* End PBXContainerItemProxy section */

/* Begin PBXFileReference section */
		18922A7A1ADFF7F900763F1D /* Psychologist.app */ = {isa = PBXFileReference; explicitFileType = wrapper.application; includeInIndex = 0; path = Psychologist.app; sourceTree = BUILT_PRODUCTS_DIR; };
		18922A7E1ADFF7F900763F1D /* Info.plist */ = {isa = PBXFileReference; lastKnownFileType = text.plist.xml; path = Info.plist; sourceTree = "<group>"; };
		18922A7F1ADFF7F900763F1D /* AppDelegate.swift */ = {isa = PBXFileReference; lastKnownFileType = sourcecode.swift; path = AppDelegate.swift; sourceTree = "<group>"; };
		18922A811ADFF7F900763F1D /* PsychologistViewController.swift */ = {isa = PBXFileReference; lastKnownFileType = sourcecode.swift; path = PsychologistViewController.swift; sourceTree = "<group>"; };
		18922A841ADFF7F900763F1D /* Base */ = {isa = PBXFileReference; lastKnownFileType = file.storyboard; name = Base; path = Base.lproj/Main.storyboard; sourceTree = "<group>"; };
		18922A861ADFF7F900763F1D /* Images.xcassets */ = {isa = PBXFileReference; lastKnownFileType = folder.assetcatalog; path = Images.xcassets; sourceTree = "<group>"; };
		18922A891ADFF7F900763F1D /* Base */ = {isa = PBXFileReference; lastKnownFileType = file.xib; name = Base; path = Base.lproj/LaunchScreen.xib; sourceTree = "<group>"; };
		18922A8F1ADFF7F900763F1D /* PsychologistTests.xctest */ = {isa = PBXFileReference; explicitFileType = wrapper.cfbundle; includeInIndex = 0; path = PsychologistTests.xctest; sourceTree = BUILT_PRODUCTS_DIR; };
		18922A941ADFF7F900763F1D /* Info.plist */ = {isa = PBXFileReference; lastKnownFileType = text.plist.xml; path = Info.plist; sourceTree = "<group>"; };
		18922A951ADFF7F900763F1D /* PsychologistTests.swift */ = {isa = PBXFileReference; lastKnownFileType = sourcecode.swift; path = PsychologistTests.swift; sourceTree = "<group>"; };
		18922A9F1ADFFAA200763F1D /* FaceView.swift */ = {isa = PBXFileReference; fileEncoding = 4; lastKnownFileType = sourcecode.swift; path = FaceView.swift; sourceTree = "<group>"; };
		18922AA01ADFFAA200763F1D /* HappinessViewController.swift */ = {isa = PBXFileReference; fileEncoding = 4; lastKnownFileType = sourcecode.swift; path = HappinessViewController.swift; sourceTree = "<group>"; };
		18922AA31AE0107E00763F1D /* TextUIViewController.swift */ = {isa = PBXFileReference; fileEncoding = 4; lastKnownFileType = sourcecode.swift; path = TextUIViewController.swift; sourceTree = "<group>"; };
		18922AA51AE0126E00763F1D /* DiagnosedHappinessViewController.swift */ = {isa = PBXFileReference; fileEncoding = 4; lastKnownFileType = sourcecode.swift; path = DiagnosedHappinessViewController.swift; sourceTree = "<group>"; };
/* End PBXFileReference section */

/* Begin PBXFrameworksBuildPhase section */
		18922A771ADFF7F900763F1D /* Frameworks */ = {
			isa = PBXFrameworksBuildPhase;
			buildActionMask = 2147483647;
			files = (
			);
			runOnlyForDeploymentPostprocessing = 0;
		};
		18922A8C1ADFF7F900763F1D /* Frameworks */ = {
			isa = PBXFrameworksBuildPhase;
			buildActionMask = 2147483647;
			files = (
			);
			runOnlyForDeploymentPostprocessing = 0;
		};
/* End PBXFrameworksBuildPhase section */

/* Begin PBXGroup section */
		18922A711ADFF7F900763F1D = {
			isa = PBXGroup;
			children = (
				18922A7C1ADFF7F900763F1D /* Psychologist */,
				18922A921ADFF7F900763F1D /* PsychologistTests */,
				18922A7B1ADFF7F900763F1D /* Products */,
			);
			sourceTree = "<group>";
		};
		18922A7B1ADFF7F900763F1D /* Products */ = {
			isa = PBXGroup;
			children = (
				18922A7A1ADFF7F900763F1D /* Psychologist.app */,
				18922A8F1ADFF7F900763F1D /* PsychologistTests.xctest */,
			);
			name = Products;
			sourceTree = "<group>";
		};
		18922A7C1ADFF7F900763F1D /* Psychologist */ = {
			isa = PBXGroup;
			children = (
				18922A811ADFF7F900763F1D /* PsychologistViewController.swift */,
				18922A831ADFF7F900763F1D /* Main.storyboard */,
				18922AA51AE0126E00763F1D /* DiagnosedHappinessViewController.swift */,
				18922AA31AE0107E00763F1D /* TextUIViewController.swift */,
				18922A9F1ADFFAA200763F1D /* FaceView.swift */,
				18922AA01ADFFAA200763F1D /* HappinessViewController.swift */,
				18922A7D1ADFF7F900763F1D /* Supporting Files */,
			);
			path = Psychologist;
			sourceTree = "<group>";
		};
		18922A7D1ADFF7F900763F1D /* Supporting Files */ = {
			isa = PBXGroup;
			children = (
				18922A861ADFF7F900763F1D /* Images.xcassets */,
				18922A881ADFF7F900763F1D /* LaunchScreen.xib */,
				18922A7F1ADFF7F900763F1D /* AppDelegate.swift */,
				18922A7E1ADFF7F900763F1D /* Info.plist */,
			);
			name = "Supporting Files";
			sourceTree = "<group>";
		};
		18922A921ADFF7F900763F1D /* PsychologistTests */ = {
			isa = PBXGroup;
			children = (
				18922A951ADFF7F900763F1D /* PsychologistTests.swift */,
				18922A931ADFF7F900763F1D /* Supporting Files */,
			);
			path = PsychologistTests;
			sourceTree = "<group>";
		};
		18922A931ADFF7F900763F1D /* Supporting Files */ = {
			isa = PBXGroup;
			children = (
				18922A941ADFF7F900763F1D /* Info.plist */,
			);
			name = "Supporting Files";
			sourceTree = "<group>";
		};
/* End PBXGroup section */

/* Begin PBXNativeTarget section */
		18922A791ADFF7F900763F1D /* Psychologist */ = {
			isa = PBXNativeTarget;
			buildConfigurationList = 18922A991ADFF7F900763F1D /* Build configuration list for PBXNativeTarget "Psychologist" */;
			buildPhases = (
				18922A761ADFF7F900763F1D /* Sources */,
				18922A771ADFF7F900763F1D /* Frameworks */,
				18922A781ADFF7F900763F1D /* Resources */,
			);
			buildRules = (
			);
			dependencies = (
			);
			name = Psychologist;
			productName = Psychologist;
			productReference = 18922A7A1ADFF7F900763F1D /* Psychologist.app */;
			productType = "com.apple.product-type.application";
		};
		18922A8E1ADFF7F900763F1D /* PsychologistTests */ = {
			isa = PBXNativeTarget;
			buildConfigurationList = 18922A9C1ADFF7F900763F1D /* Build configuration list for PBXNativeTarget "PsychologistTests" */;
			buildPhases = (
				18922A8B1ADFF7F900763F1D /* Sources */,
				18922A8C1ADFF7F900763F1D /* Frameworks */,
				18922A8D1ADFF7F900763F1D /* Resources */,
			);
			buildRules = (
			);
			dependencies = (
				18922A911ADFF7F900763F1D /* PBXTargetDependency */,
			);
			name = PsychologistTests;
			productName = PsychologistTests;
			productReference = 18922A8F1ADFF7F900763F1D /* PsychologistTests.xctest */;
			productType = "com.apple.product-type.bundle.unit-test";
		};
/* End PBXNativeTarget section */

/* Begin PBXProject section */
		18922A721ADFF7F900763F1D /* Project object */ = {
			isa = PBXProject;
			attributes = {
				LastUpgradeCheck = 0630;
				ORGANIZATIONNAME = Mzinga;
				TargetAttributes = {
					18922A791ADFF7F900763F1D = {
						CreatedOnToolsVersion = 6.3;
					};
					18922A8E1ADFF7F900763F1D = {
						CreatedOnToolsVersion = 6.3;
						TestTargetID = 18922A791ADFF7F900763F1D;
					};
				};
			};
			buildConfigurationList = 18922A751ADFF7F900763F1D /* Build configuration list for PBXProject "Psychologist" */;
			compatibilityVersion = "Xcode 3.2";
			developmentRegion = English;
			hasScannedForEncodings = 0;
			knownRegions = (
				en,
				Base,
			);
			mainGroup = 18922A711ADFF7F900763F1D;
			productRefGroup = 18922A7B1ADFF7F900763F1D /* Products */;
			projectDirPath = "";
			projectRoot = "";
			targets = (
				18922A791ADFF7F900763F1D /* Psychologist */,
				18922A8E1ADFF7F900763F1D /* PsychologistTests */,
			);
		};
/* End PBXProject section */

/* Begin PBXResourcesBuildPhase section */
		18922A781ADFF7F900763F1D /* Resources */ = {
			isa = PBXResourcesBuildPhase;
			buildActionMask = 2147483647;
			files = (
				18922A851ADFF7F900763F1D /* Main.storyboard in Resources */,
				18922A8A1ADFF7F900763F1D /* LaunchScreen.xib in Resources */,
				18922A871ADFF7F900763F1D /* Images.xcassets in Resources */,
			);
			runOnlyForDeploymentPostprocessing = 0;
		};
		18922A8D1ADFF7F900763F1D /* Resources */ = {
			isa = PBXResourcesBuildPhase;
			buildActionMask = 2147483647;
			files = (
			);
			runOnlyForDeploymentPostprocessing = 0;
		};
/* End PBXResourcesBuildPhase section */

/* Begin PBXSourcesBuildPhase section */
		18922A761ADFF7F900763F1D /* Sources */ = {
			isa = PBXSourcesBuildPhase;
			buildActionMask = 2147483647;
			files = (
				18922A821ADFF7F900763F1D /* PsychologistViewController.swift in Sources */,
				18922A801ADFF7F900763F1D /* AppDelegate.swift in Sources */,
				18922AA41AE0107E00763F1D /* TextUIViewController.swift in Sources */,
				18922AA61AE0126E00763F1D /* DiagnosedHappinessViewController.swift in Sources */,
				18922AA21ADFFAA200763F1D /* HappinessViewController.swift in Sources */,
				18922AA11ADFFAA200763F1D /* FaceView.swift in Sources */,
			);
			runOnlyForDeploymentPostprocessing = 0;
		};
		18922A8B1ADFF7F900763F1D /* Sources */ = {
			isa = PBXSourcesBuildPhase;
			buildActionMask = 2147483647;
			files = (
				18922A961ADFF7F900763F1D /* PsychologistTests.swift in Sources */,
			);
			runOnlyForDeploymentPostprocessing = 0;
		};
/* End PBXSourcesBuildPhase section */

/* Begin PBXTargetDependency section */
		18922A911ADFF7F900763F1D /* PBXTargetDependency */ = {
			isa = PBXTargetDependency;
			target = 18922A791ADFF7F900763F1D /* Psychologist */;
			targetProxy = 18922A901ADFF7F900763F1D /* PBXContainerItemProxy */;
		};
/* End PBXTargetDependency section */

/* Begin PBXVariantGroup section */
		18922A831ADFF7F900763F1D /* Main.storyboard */ = {
			isa = PBXVariantGroup;
			children = (
				18922A841ADFF7F900763F1D /* Base */,
			);
			name = Main.storyboard;
			sourceTree = "<group>";
		};
		18922A881ADFF7F900763F1D /* LaunchScreen.xib */ = {
			isa = PBXVariantGroup;
			children = (
				18922A891ADFF7F900763F1D /* Base */,
			);
			name = LaunchScreen.xib;
			sourceTree = "<group>";
		};
/* End PBXVariantGroup section */

/* Begin XCBuildConfiguration section */
		18922A971ADFF7F900763F1D /* Debug */ = {
			isa = XCBuildConfiguration;
			buildSettings = {
				ALWAYS_SEARCH_USER_PATHS = NO;
				CLANG_CXX_LANGUAGE_STANDARD = "gnu++0x";
				CLANG_CXX_LIBRARY = "libc++";
				CLANG_ENABLE_MODULES = YES;
				CLANG_ENABLE_OBJC_ARC = YES;
				CLANG_WARN_BOOL_CONVERSION = YES;
				CLANG_WARN_CONSTANT_CONVERSION = YES;
				CLANG_WARN_DIRECT_OBJC_ISA_USAGE = YES_ERROR;
				CLANG_WARN_EMPTY_BODY = YES;
				CLANG_WARN_ENUM_CONVERSION = YES;
				CLANG_WARN_INT_CONVERSION = YES;
				CLANG_WARN_OBJC_ROOT_CLASS = YES_ERROR;
				CLANG_WARN_UNREACHABLE_CODE = YES;
				CLANG_WARN__DUPLICATE_METHOD_MATCH = YES;
				"CODE_SIGN_IDENTITY[sdk=iphoneos*]" = "iPhone Developer";
				COPY_PHASE_STRIP = NO;
				DEBUG_INFORMATION_FORMAT = "dwarf-with-dsym";
				ENABLE_STRICT_OBJC_MSGSEND = YES;
				GCC_C_LANGUAGE_STANDARD = gnu99;
				GCC_DYNAMIC_NO_PIC = NO;
				GCC_NO_COMMON_BLOCKS = YES;
				GCC_OPTIMIZATION_LEVEL = 0;
				GCC_PREPROCESSOR_DEFINITIONS = (
					"DEBUG=1",
					"$(inherited)",
				);
				GCC_SYMBOLS_PRIVATE_EXTERN = NO;
				GCC_WARN_64_TO_32_BIT_CONVERSION = YES;
				GCC_WARN_ABOUT_RETURN_TYPE = YES_ERROR;
				GCC_WARN_UNDECLARED_SELECTOR = YES;
				GCC_WARN_UNINITIALIZED_AUTOS = YES_AGGRESSIVE;
				GCC_WARN_UNUSED_FUNCTION = YES;
				GCC_WARN_UNUSED_VARIABLE = YES;
				IPHONEOS_DEPLOYMENT_TARGET = 8.3;
				MTL_ENABLE_DEBUG_INFO = YES;
				ONLY_ACTIVE_ARCH = YES;
				SDKROOT = iphoneos;
				SWIFT_OPTIMIZATION_LEVEL = "-Onone";
				TARGETED_DEVICE_FAMILY = "1,2";
			};
			name = Debug;
		};
		18922A981ADFF7F900763F1D /* Release */ = {
			isa = XCBuildConfiguration;
			buildSettings = {
				ALWAYS_SEARCH_USER_PATHS = NO;
				CLANG_CXX_LANGUAGE_STANDARD = "gnu++0x";
				CLANG_CXX_LIBRARY = "libc++";
				CLANG_ENABLE_MODULES = YES;
				CLANG_ENABLE_OBJC_ARC = YES;
				CLANG_WARN_BOOL_CONVERSION = YES;
				CLANG_WARN_CONSTANT_CONVERSION = YES;
				CLANG_WARN_DIRECT_OBJC_ISA_USAGE = YES_ERROR;
				CLANG_WARN_EMPTY_BODY = YES;
				CLANG_WARN_ENUM_CONVERSION = YES;
				CLANG_WARN_INT_CONVERSION = YES;
				CLANG_WARN_OBJC_ROOT_CLASS = YES_ERROR;
				CLANG_WARN_UNREACHABLE_CODE = YES;
				CLANG_WARN__DUPLICATE_METHOD_MATCH = YES;
				"CODE_SIGN_IDENTITY[sdk=iphoneos*]" = "iPhone Developer";
				COPY_PHASE_STRIP = NO;
				DEBUG_INFORMATION_FORMAT = "dwarf-with-dsym";
				ENABLE_NS_ASSERTIONS = NO;
				ENABLE_STRICT_OBJC_MSGSEND = YES;
				GCC_C_LANGUAGE_STANDARD = gnu99;
				GCC_NO_COMMON_BLOCKS = YES;
				GCC_WARN_64_TO_32_BIT_CONVERSION = YES;
				GCC_WARN_ABOUT_RETURN_TYPE = YES_ERROR;
				GCC_WARN_UNDECLARED_SELECTOR = YES;
				GCC_WARN_UNINITIALIZED_AUTOS = YES_AGGRESSIVE;
				GCC_WARN_UNUSED_FUNCTION = YES;
				GCC_WARN_UNUSED_VARIABLE = YES;
				IPHONEOS_DEPLOYMENT_TARGET = 8.3;
				MTL_ENABLE_DEBUG_INFO = NO;
				SDKROOT = iphoneos;
				TARGETED_DEVICE_FAMILY = "1,2";
				VALIDATE_PRODUCT = YES;
			};
			name = Release;
		};
		18922A9A1ADFF7F900763F1D /* Debug */ = {
			isa = XCBuildConfiguration;
			buildSettings = {
				ASSETCATALOG_COMPILER_APPICON_NAME = AppIcon;
				INFOPLIST_FILE = Psychologist/Info.plist;
				LD_RUNPATH_SEARCH_PATHS = "$(inherited) @executable_path/Frameworks";
				PRODUCT_NAME = "$(TARGET_NAME)";
			};
			name = Debug;
		};
		18922A9B1ADFF7F900763F1D /* Release */ = {
			isa = XCBuildConfiguration;
			buildSettings = {
				ASSETCATALOG_COMPILER_APPICON_NAME = AppIcon;
				INFOPLIST_FILE = Psychologist/Info.plist;
				LD_RUNPATH_SEARCH_PATHS = "$(inherited) @executable_path/Frameworks";
				PRODUCT_NAME = "$(TARGET_NAME)";
			};
			name = Release;
		};
		18922A9D1ADFF7F900763F1D /* Debug */ = {
			isa = XCBuildConfiguration;
			buildSettings = {
				BUNDLE_LOADER = "$(TEST_HOST)";
				FRAMEWORK_SEARCH_PATHS = (
					"$(SDKROOT)/Developer/Library/Frameworks",
					"$(inherited)",
				);
				GCC_PREPROCESSOR_DEFINITIONS = (
					"DEBUG=1",
					"$(inherited)",
				);
				INFOPLIST_FILE = PsychologistTests/Info.plist;
				LD_RUNPATH_SEARCH_PATHS = "$(inherited) @executable_path/Frameworks @loader_path/Frameworks";
				PRODUCT_NAME = "$(TARGET_NAME)";
				TEST_HOST = "$(BUILT_PRODUCTS_DIR)/Psychologist.app/Psychologist";
			};
			name = Debug;
		};
		18922A9E1ADFF7F900763F1D /* Release */ = {
			isa = XCBuildConfiguration;
			buildSettings = {
				BUNDLE_LOADER = "$(TEST_HOST)";
				FRAMEWORK_SEARCH_PATHS = (
					"$(SDKROOT)/Developer/Library/Frameworks",
					"$(inherited)",
				);
				INFOPLIST_FILE = PsychologistTests/Info.plist;
				LD_RUNPATH_SEARCH_PATHS = "$(inherited) @executable_path/Frameworks @loader_path/Frameworks";
				PRODUCT_NAME = "$(TARGET_NAME)";
				TEST_HOST = "$(BUILT_PRODUCTS_DIR)/Psychologist.app/Psychologist";
			};
			name = Release;
		};
/* End XCBuildConfiguration section */

/* Begin XCConfigurationList section */
		18922A751ADFF7F900763F1D /* Build configuration list for PBXProject "Psychologist" */ = {
			isa = XCConfigurationList;
			buildConfigurations = (
				18922A971ADFF7F900763F1D /* Debug */,
				18922A981ADFF7F900763F1D /* Release */,
			);
			defaultConfigurationIsVisible = 0;
			defaultConfigurationName = Release;
		};
		18922A991ADFF7F900763F1D /* Build configuration list for PBXNativeTarget "Psychologist" */ = {
			isa = XCConfigurationList;
			buildConfigurations = (
				18922A9A1ADFF7F900763F1D /* Debug */,
				18922A9B1ADFF7F900763F1D /* Release */,
			);
			defaultConfigurationIsVisible = 0;
		};
		18922A9C1ADFF7F900763F1D /* Build configuration list for PBXNativeTarget "PsychologistTests" */ = {
			isa = XCConfigurationList;
			buildConfigurations = (
				18922A9D1ADFF7F900763F1D /* Debug */,
				18922A9E1ADFF7F900763F1D /* Release */,
			);
			defaultConfigurationIsVisible = 0;
		};
/* End XCConfigurationList section */
	};
	rootObject = 18922A721ADFF7F900763F1D /* Project object */;
}
